// !$*UTF8*$!
{
	archiveVersion = 1;
	classes = {
	};
	objectVersion = 46;
	objects = {

/* Begin PBXBuildFile section */
		3EAACBD31B0B7CA2000EEF1F /* main.m in Sources */ = {isa = PBXBuildFile; fileRef = 3EAACBD21B0B7CA2000EEF1F /* main.m */; };
		3EAACBD61B0B7CA2000EEF1F /* AppDelegate.m in Sources */ = {isa = PBXBuildFile; fileRef = 3EAACBD51B0B7CA2000EEF1F /* AppDelegate.m */; };
		3EAACBD91B0B7CA2000EEF1F /* ViewController.m in Sources */ = {isa = PBXBuildFile; fileRef = 3EAACBD81B0B7CA2000EEF1F /* ViewController.m */; };
		3EAACBDC1B0B7CA2000EEF1F /* Main.storyboard in Resources */ = {isa = PBXBuildFile; fileRef = 3EAACBDA1B0B7CA2000EEF1F /* Main.storyboard */; };
		3EAACBDE1B0B7CA2000EEF1F /* Images.xcassets in Resources */ = {isa = PBXBuildFile; fileRef = 3EAACBDD1B0B7CA2000EEF1F /* Images.xcassets */; };
		3EAACBE11B0B7CA2000EEF1F /* LaunchScreen.xib in Resources */ = {isa = PBXBuildFile; fileRef = 3EAACBDF1B0B7CA2000EEF1F /* LaunchScreen.xib */; };
		3EAACBED1B0B7CA2000EEF1F /* KocomojoSampleAppTests.m in Sources */ = {isa = PBXBuildFile; fileRef = 3EAACBEC1B0B7CA2000EEF1F /* KocomojoSampleAppTests.m */; };
/* End PBXBuildFile section */

/* Begin PBXContainerItemProxy section */
		3EAACBE71B0B7CA2000EEF1F /* PBXContainerItemProxy */ = {
			isa = PBXContainerItemProxy;
			containerPortal = 3EAACBC51B0B7CA2000EEF1F /* Project object */;
			proxyType = 1;
			remoteGlobalIDString = 3EAACBCC1B0B7CA2000EEF1F;
			remoteInfo = KocomojoSampleApp;
		};
/* End PBXContainerItemProxy section */

/* Begin PBXFileReference section */
		3EAACBCD1B0B7CA2000EEF1F /* KocomojoSampleApp.app */ = {isa = PBXFileReference; explicitFileType = wrapper.application; includeInIndex = 0; path = KocomojoSampleApp.app; sourceTree = BUILT_PRODUCTS_DIR; };
		3EAACBD11B0B7CA2000EEF1F /* Info.plist */ = {isa = PBXFileReference; lastKnownFileType = text.plist.xml; path = Info.plist; sourceTree = "<group>"; };
		3EAACBD21B0B7CA2000EEF1F /* main.m */ = {isa = PBXFileReference; lastKnownFileType = sourcecode.c.objc; path = main.m; sourceTree = "<group>"; };
		3EAACBD41B0B7CA2000EEF1F /* AppDelegate.h */ = {isa = PBXFileReference; lastKnownFileType = sourcecode.c.h; path = AppDelegate.h; sourceTree = "<group>"; };
		3EAACBD51B0B7CA2000EEF1F /* AppDelegate.m */ = {isa = PBXFileReference; lastKnownFileType = sourcecode.c.objc; path = AppDelegate.m; sourceTree = "<group>"; };
		3EAACBD71B0B7CA2000EEF1F /* ViewController.h */ = {isa = PBXFileReference; lastKnownFileType = sourcecode.c.h; path = ViewController.h; sourceTree = "<group>"; };
		3EAACBD81B0B7CA2000EEF1F /* ViewController.m */ = {isa = PBXFileReference; lastKnownFileType = sourcecode.c.objc; path = ViewController.m; sourceTree = "<group>"; };
		3EAACBDB1B0B7CA2000EEF1F /* Base */ = {isa = PBXFileReference; lastKnownFileType = file.storyboard; name = Base; path = Base.lproj/Main.storyboard; sourceTree = "<group>"; };
		3EAACBDD1B0B7CA2000EEF1F /* Images.xcassets */ = {isa = PBXFileReference; lastKnownFileType = folder.assetcatalog; path = Images.xcassets; sourceTree = "<group>"; };
		3EAACBE01B0B7CA2000EEF1F /* Base */ = {isa = PBXFileReference; lastKnownFileType = file.xib; name = Base; path = Base.lproj/LaunchScreen.xib; sourceTree = "<group>"; };
		3EAACBE61B0B7CA2000EEF1F /* KocomojoSampleAppTests.xctest */ = {isa = PBXFileReference; explicitFileType = wrapper.cfbundle; includeInIndex = 0; path = KocomojoSampleAppTests.xctest; sourceTree = BUILT_PRODUCTS_DIR; };
		3EAACBEB1B0B7CA2000EEF1F /* Info.plist */ = {isa = PBXFileReference; lastKnownFileType = text.plist.xml; path = Info.plist; sourceTree = "<group>"; };
		3EAACBEC1B0B7CA2000EEF1F /* KocomojoSampleAppTests.m */ = {isa = PBXFileReference; lastKnownFileType = sourcecode.c.objc; path = KocomojoSampleAppTests.m; sourceTree = "<group>"; };
/* End PBXFileReference section */

/* Begin PBXFrameworksBuildPhase section */
		3EAACBCA1B0B7CA2000EEF1F /* Frameworks */ = {
			isa = PBXFrameworksBuildPhase;
			buildActionMask = 2147483647;
			files = (
			);
			runOnlyForDeploymentPostprocessing = 0;
		};
		3EAACBE31B0B7CA2000EEF1F /* Frameworks */ = {
			isa = PBXFrameworksBuildPhase;
			buildActionMask = 2147483647;
			files = (
			);
			runOnlyForDeploymentPostprocessing = 0;
		};
/* End PBXFrameworksBuildPhase section */

/* Begin PBXGroup section */
		3EAACBC41B0B7CA1000EEF1F = {
			isa = PBXGroup;
			children = (
				3EAACBCF1B0B7CA2000EEF1F /* KocomojoSampleApp */,
				3EAACBE91B0B7CA2000EEF1F /* KocomojoSampleAppTests */,
				3EAACBCE1B0B7CA2000EEF1F /* Products */,
			);
			sourceTree = "<group>";
		};
		3EAACBCE1B0B7CA2000EEF1F /* Products */ = {
			isa = PBXGroup;
			children = (
				3EAACBCD1B0B7CA2000EEF1F /* KocomojoSampleApp.app */,
				3EAACBE61B0B7CA2000EEF1F /* KocomojoSampleAppTests.xctest */,
			);
			name = Products;
			sourceTree = "<group>";
		};
		3EAACBCF1B0B7CA2000EEF1F /* KocomojoSampleApp */ = {
			isa = PBXGroup;
			children = (
				3EAACBD41B0B7CA2000EEF1F /* AppDelegate.h */,
				3EAACBD51B0B7CA2000EEF1F /* AppDelegate.m */,
				3EAACBD71B0B7CA2000EEF1F /* ViewController.h */,
				3EAACBD81B0B7CA2000EEF1F /* ViewController.m */,
				3EAACBDA1B0B7CA2000EEF1F /* Main.storyboard */,
				3EAACBDD1B0B7CA2000EEF1F /* Images.xcassets */,
				3EAACBDF1B0B7CA2000EEF1F /* LaunchScreen.xib */,
				3EAACBD01B0B7CA2000EEF1F /* Supporting Files */,
			);
			path = KocomojoSampleApp;
			sourceTree = "<group>";
		};
		3EAACBD01B0B7CA2000EEF1F /* Supporting Files */ = {
			isa = PBXGroup;
			children = (
				3EAACBD11B0B7CA2000EEF1F /* Info.plist */,
				3EAACBD21B0B7CA2000EEF1F /* main.m */,
			);
			name = "Supporting Files";
			sourceTree = "<group>";
		};
		3EAACBE91B0B7CA2000EEF1F /* KocomojoSampleAppTests */ = {
			isa = PBXGroup;
			children = (
				3EAACBEC1B0B7CA2000EEF1F /* KocomojoSampleAppTests.m */,
				3EAACBEA1B0B7CA2000EEF1F /* Supporting Files */,
			);
			path = KocomojoSampleAppTests;
			sourceTree = "<group>";
		};
		3EAACBEA1B0B7CA2000EEF1F /* Supporting Files */ = {
			isa = PBXGroup;
			children = (
				3EAACBEB1B0B7CA2000EEF1F /* Info.plist */,
			);
			name = "Supporting Files";
			sourceTree = "<group>";
		};
/* End PBXGroup section */

/* Begin PBXNativeTarget section */
		3EAACBCC1B0B7CA2000EEF1F /* KocomojoSampleApp */ = {
			isa = PBXNativeTarget;
			buildConfigurationList = 3EAACBF01B0B7CA2000EEF1F /* Build configuration list for PBXNativeTarget "KocomojoSampleApp" */;
			buildPhases = (
				3EAACBC91B0B7CA2000EEF1F /* Sources */,
				3EAACBCA1B0B7CA2000EEF1F /* Frameworks */,
				3EAACBCB1B0B7CA2000EEF1F /* Resources */,
			);
			buildRules = (
			);
			dependencies = (
			);
			name = KocomojoSampleApp;
			productName = KocomojoSampleApp;
			productReference = 3EAACBCD1B0B7CA2000EEF1F /* KocomojoSampleApp.app */;
			productType = "com.apple.product-type.application";
		};
		3EAACBE51B0B7CA2000EEF1F /* KocomojoSampleAppTests */ = {
			isa = PBXNativeTarget;
			buildConfigurationList = 3EAACBF31B0B7CA2000EEF1F /* Build configuration list for PBXNativeTarget "KocomojoSampleAppTests" */;
			buildPhases = (
				3EAACBE21B0B7CA2000EEF1F /* Sources */,
				3EAACBE31B0B7CA2000EEF1F /* Frameworks */,
				3EAACBE41B0B7CA2000EEF1F /* Resources */,
			);
			buildRules = (
			);
			dependencies = (
				3EAACBE81B0B7CA2000EEF1F /* PBXTargetDependency */,
			);
			name = KocomojoSampleAppTests;
			productName = KocomojoSampleAppTests;
			productReference = 3EAACBE61B0B7CA2000EEF1F /* KocomojoSampleAppTests.xctest */;
			productType = "com.apple.product-type.bundle.unit-test";
		};
/* End PBXNativeTarget section */

/* Begin PBXProject section */
		3EAACBC51B0B7CA2000EEF1F /* Project object */ = {
			isa = PBXProject;
			attributes = {
				LastUpgradeCheck = 0630;
				ORGANIZATIONNAME = Kocomojo;
				TargetAttributes = {
					3EAACBCC1B0B7CA2000EEF1F = {
						CreatedOnToolsVersion = 6.3.1;
					};
					3EAACBE51B0B7CA2000EEF1F = {
						CreatedOnToolsVersion = 6.3.1;
						TestTargetID = 3EAACBCC1B0B7CA2000EEF1F;
					};
				};
			};
			buildConfigurationList = 3EAACBC81B0B7CA2000EEF1F /* Build configuration list for PBXProject "KocomojoSampleApp" */;
			compatibilityVersion = "Xcode 3.2";
			developmentRegion = English;
			hasScannedForEncodings = 0;
			knownRegions = (
				en,
				Base,
			);
			mainGroup = 3EAACBC41B0B7CA1000EEF1F;
			productRefGroup = 3EAACBCE1B0B7CA2000EEF1F /* Products */;
			projectDirPath = "";
			projectRoot = "";
			targets = (
				3EAACBCC1B0B7CA2000EEF1F /* KocomojoSampleApp */,
				3EAACBE51B0B7CA2000EEF1F /* KocomojoSampleAppTests */,
			);
		};
/* End PBXProject section */

/* Begin PBXResourcesBuildPhase section */
		3EAACBCB1B0B7CA2000EEF1F /* Resources */ = {
			isa = PBXResourcesBuildPhase;
			buildActionMask = 2147483647;
			files = (
				3EAACBDC1B0B7CA2000EEF1F /* Main.storyboard in Resources */,
				3EAACBE11B0B7CA2000EEF1F /* LaunchScreen.xib in Resources */,
				3EAACBDE1B0B7CA2000EEF1F /* Images.xcassets in Resources */,
			);
			runOnlyForDeploymentPostprocessing = 0;
		};
		3EAACBE41B0B7CA2000EEF1F /* Resources */ = {
			isa = PBXResourcesBuildPhase;
			buildActionMask = 2147483647;
			files = (
			);
			runOnlyForDeploymentPostprocessing = 0;
		};
/* End PBXResourcesBuildPhase section */

/* Begin PBXSourcesBuildPhase section */
		3EAACBC91B0B7CA2000EEF1F /* Sources */ = {
			isa = PBXSourcesBuildPhase;
			buildActionMask = 2147483647;
			files = (
				3EAACBD91B0B7CA2000EEF1F /* ViewController.m in Sources */,
				3EAACBD61B0B7CA2000EEF1F /* AppDelegate.m in Sources */,
				3EAACBD31B0B7CA2000EEF1F /* main.m in Sources */,
			);
			runOnlyForDeploymentPostprocessing = 0;
		};
		3EAACBE21B0B7CA2000EEF1F /* Sources */ = {
			isa = PBXSourcesBuildPhase;
			buildActionMask = 2147483647;
			files = (
				3EAACBED1B0B7CA2000EEF1F /* KocomojoSampleAppTests.m in Sources */,
			);
			runOnlyForDeploymentPostprocessing = 0;
		};
/* End PBXSourcesBuildPhase section */

/* Begin PBXTargetDependency section */
		3EAACBE81B0B7CA2000EEF1F /* PBXTargetDependency */ = {
			isa = PBXTargetDependency;
			target = 3EAACBCC1B0B7CA2000EEF1F /* KocomojoSampleApp */;
			targetProxy = 3EAACBE71B0B7CA2000EEF1F /* PBXContainerItemProxy */;
		};
/* End PBXTargetDependency section */

/* Begin PBXVariantGroup section */
		3EAACBDA1B0B7CA2000EEF1F /* Main.storyboard */ = {
			isa = PBXVariantGroup;
			children = (
				3EAACBDB1B0B7CA2000EEF1F /* Base */,
			);
			name = Main.storyboard;
			sourceTree = "<group>";
		};
		3EAACBDF1B0B7CA2000EEF1F /* LaunchScreen.xib */ = {
			isa = PBXVariantGroup;
			children = (
				3EAACBE01B0B7CA2000EEF1F /* Base */,
			);
			name = LaunchScreen.xib;
			sourceTree = "<group>";
		};
/* End PBXVariantGroup section */

/* Begin XCBuildConfiguration section */
		3EAACBEE1B0B7CA2000EEF1F /* Debug */ = {
			isa = XCBuildConfiguration;
			buildSettings = {
				ALWAYS_SEARCH_USER_PATHS = NO;
				CLANG_CXX_LANGUAGE_STANDARD = "gnu++0x";
				CLANG_CXX_LIBRARY = "libc++";
				CLANG_ENABLE_MODULES = YES;
				CLANG_ENABLE_OBJC_ARC = YES;
				CLANG_WARN_BOOL_CONVERSION = YES;
				CLANG_WARN_CONSTANT_CONVERSION = YES;
				CLANG_WARN_DIRECT_OBJC_ISA_USAGE = YES_ERROR;
				CLANG_WARN_EMPTY_BODY = YES;
				CLANG_WARN_ENUM_CONVERSION = YES;
				CLANG_WARN_INT_CONVERSION = YES;
				CLANG_WARN_OBJC_ROOT_CLASS = YES_ERROR;
				CLANG_WARN_UNREACHABLE_CODE = YES;
				CLANG_WARN__DUPLICATE_METHOD_MATCH = YES;
				"CODE_SIGN_IDENTITY[sdk=iphoneos*]" = "iPhone Developer";
				COPY_PHASE_STRIP = NO;
				DEBUG_INFORMATION_FORMAT = "dwarf-with-dsym";
				ENABLE_STRICT_OBJC_MSGSEND = YES;
				GCC_C_LANGUAGE_STANDARD = gnu99;
				GCC_DYNAMIC_NO_PIC = NO;
				GCC_NO_COMMON_BLOCKS = YES;
				GCC_OPTIMIZATION_LEVEL = 0;
				GCC_PREPROCESSOR_DEFINITIONS = (
					"DEBUG=1",
					"$(inherited)",
				);
				GCC_SYMBOLS_PRIVATE_EXTERN = NO;
				GCC_WARN_64_TO_32_BIT_CONVERSION = YES;
				GCC_WARN_ABOUT_RETURN_TYPE = YES_ERROR;
				GCC_WARN_UNDECLARED_SELECTOR = YES;
				GCC_WARN_UNINITIALIZED_AUTOS = YES_AGGRESSIVE;
				GCC_WARN_UNUSED_FUNCTION = YES;
				GCC_WARN_UNUSED_VARIABLE = YES;
				IPHONEOS_DEPLOYMENT_TARGET = 8.3;
				MTL_ENABLE_DEBUG_INFO = YES;
				ONLY_ACTIVE_ARCH = YES;
				SDKROOT = iphoneos;
			};
			name = Debug;
		};
		3EAACBEF1B0B7CA2000EEF1F /* Release */ = {
			isa = XCBuildConfiguration;
			buildSettings = {
				ALWAYS_SEARCH_USER_PATHS = NO;
				CLANG_CXX_LANGUAGE_STANDARD = "gnu++0x";
				CLANG_CXX_LIBRARY = "libc++";
				CLANG_ENABLE_MODULES = YES;
				CLANG_ENABLE_OBJC_ARC = YES;
				CLANG_WARN_BOOL_CONVERSION = YES;
				CLANG_WARN_CONSTANT_CONVERSION = YES;
				CLANG_WARN_DIRECT_OBJC_ISA_USAGE = YES_ERROR;
				CLANG_WARN_EMPTY_BODY = YES;
				CLANG_WARN_ENUM_CONVERSION = YES;
				CLANG_WARN_INT_CONVERSION = YES;
				CLANG_WARN_OBJC_ROOT_CLASS = YES_ERROR;
				CLANG_WARN_UNREACHABLE_CODE = YES;
				CLANG_WARN__DUPLICATE_METHOD_MATCH = YES;
				"CODE_SIGN_IDENTITY[sdk=iphoneos*]" = "iPhone Developer";
				COPY_PHASE_STRIP = NO;
				DEBUG_INFORMATION_FORMAT = "dwarf-with-dsym";
				ENABLE_NS_ASSERTIONS = NO;
				ENABLE_STRICT_OBJC_MSGSEND = YES;
				GCC_C_LANGUAGE_STANDARD = gnu99;
				GCC_NO_COMMON_BLOCKS = YES;
				GCC_WARN_64_TO_32_BIT_CONVERSION = YES;
				GCC_WARN_ABOUT_RETURN_TYPE = YES_ERROR;
				GCC_WARN_UNDECLARED_SELECTOR = YES;
				GCC_WARN_UNINITIALIZED_AUTOS = YES_AGGRESSIVE;
				GCC_WARN_UNUSED_FUNCTION = YES;
				GCC_WARN_UNUSED_VARIABLE = YES;
				IPHONEOS_DEPLOYMENT_TARGET = 8.3;
				MTL_ENABLE_DEBUG_INFO = NO;
				SDKROOT = iphoneos;
				VALIDATE_PRODUCT = YES;
			};
			name = Release;
		};
		3EAACBF11B0B7CA2000EEF1F /* Debug */ = {
			isa = XCBuildConfiguration;
			buildSettings = {
				ASSETCATALOG_COMPILER_APPICON_NAME = AppIcon;
				INFOPLIST_FILE = KocomojoSampleApp/Info.plist;
				LD_RUNPATH_SEARCH_PATHS = "$(inherited) @executable_path/Frameworks";
				PRODUCT_NAME = "$(TARGET_NAME)";
			};
			name = Debug;
		};
		3EAACBF21B0B7CA2000EEF1F /* Release */ = {
			isa = XCBuildConfiguration;
			buildSettings = {
				ASSETCATALOG_COMPILER_APPICON_NAME = AppIcon;
				INFOPLIST_FILE = KocomojoSampleApp/Info.plist;
				LD_RUNPATH_SEARCH_PATHS = "$(inherited) @executable_path/Frameworks";
				PRODUCT_NAME = "$(TARGET_NAME)";
			};
			name = Release;
		};
		3EAACBF41B0B7CA2000EEF1F /* Debug */ = {
			isa = XCBuildConfiguration;
			buildSettings = {
				BUNDLE_LOADER = "$(TEST_HOST)";
				FRAMEWORK_SEARCH_PATHS = (
					"$(SDKROOT)/Developer/Library/Frameworks",
					"$(inherited)",
				);
				GCC_PREPROCESSOR_DEFINITIONS = (
					"DEBUG=1",
					"$(inherited)",
				);
				INFOPLIST_FILE = KocomojoSampleAppTests/Info.plist;
				LD_RUNPATH_SEARCH_PATHS = "$(inherited) @executable_path/Frameworks @loader_path/Frameworks";
				PRODUCT_NAME = "$(TARGET_NAME)";
				TEST_HOST = "$(BUILT_PRODUCTS_DIR)/KocomojoSampleApp.app/KocomojoSampleApp";
			};
			name = Debug;
		};
		3EAACBF51B0B7CA2000EEF1F /* Release */ = {
			isa = XCBuildConfiguration;
			buildSettings = {
				BUNDLE_LOADER = "$(TEST_HOST)";
				FRAMEWORK_SEARCH_PATHS = (
					"$(SDKROOT)/Developer/Library/Frameworks",
					"$(inherited)",
				);
				INFOPLIST_FILE = KocomojoSampleAppTests/Info.plist;
				LD_RUNPATH_SEARCH_PATHS = "$(inherited) @executable_path/Frameworks @loader_path/Frameworks";
				PRODUCT_NAME = "$(TARGET_NAME)";
				TEST_HOST = "$(BUILT_PRODUCTS_DIR)/KocomojoSampleApp.app/KocomojoSampleApp";
			};
			name = Release;
		};
/* End XCBuildConfiguration section */

/* Begin XCConfigurationList section */
		3EAACBC81B0B7CA2000EEF1F /* Build configuration list for PBXProject "KocomojoSampleApp" */ = {
			isa = XCConfigurationList;
			buildConfigurations = (
				3EAACBEE1B0B7CA2000EEF1F /* Debug */,
				3EAACBEF1B0B7CA2000EEF1F /* Release */,
			);
			defaultConfigurationIsVisible = 0;
			defaultConfigurationName = Release;
		};
		3EAACBF01B0B7CA2000EEF1F /* Build configuration list for PBXNativeTarget "KocomojoSampleApp" */ = {
			isa = XCConfigurationList;
			buildConfigurations = (
				3EAACBF11B0B7CA2000EEF1F /* Debug */,
				3EAACBF21B0B7CA2000EEF1F /* Release */,
			);
			defaultConfigurationIsVisible = 0;
		};
		3EAACBF31B0B7CA2000EEF1F /* Build configuration list for PBXNativeTarget "KocomojoSampleAppTests" */ = {
			isa = XCConfigurationList;
			buildConfigurations = (
				3EAACBF41B0B7CA2000EEF1F /* Debug */,
				3EAACBF51B0B7CA2000EEF1F /* Release */,
			);
			defaultConfigurationIsVisible = 0;
		};
/* End XCConfigurationList section */
	};
	rootObject = 3EAACBC51B0B7CA2000EEF1F /* Project object */;
}
